// !$*UTF8*$!
{
	archiveVersion = 1;
	classes = {
	};
	objectVersion = 50;
	objects = {

/* Begin PBXBuildFile section */
		B9A3842422CDAAF4007436B0 /* AppDelegate.swift in Sources */ = {isa = PBXBuildFile; fileRef = B9A3842322CDAAF4007436B0 /* AppDelegate.swift */; };
		B9A3842622CDAAF4007436B0 /* ViewController.swift in Sources */ = {isa = PBXBuildFile; fileRef = B9A3842522CDAAF4007436B0 /* ViewController.swift */; };
		B9A3842922CDAAF4007436B0 /* Main.storyboard in Resources */ = {isa = PBXBuildFile; fileRef = B9A3842722CDAAF4007436B0 /* Main.storyboard */; };
		B9A3842B22CDAAF6007436B0 /* Assets.xcassets in Resources */ = {isa = PBXBuildFile; fileRef = B9A3842A22CDAAF6007436B0 /* Assets.xcassets */; };
		B9A3842E22CDAAF6007436B0 /* LaunchScreen.storyboard in Resources */ = {isa = PBXBuildFile; fileRef = B9A3842C22CDAAF6007436B0 /* LaunchScreen.storyboard */; };
		B9A3843922CDAAF6007436B0 /* Seasoning_E_CommerceTests.swift in Sources */ = {isa = PBXBuildFile; fileRef = B9A3843822CDAAF6007436B0 /* Seasoning_E_CommerceTests.swift */; };
		B9A3844422CDAAF6007436B0 /* Seasoning_E_CommerceUITests.swift in Sources */ = {isa = PBXBuildFile; fileRef = B9A3844322CDAAF6007436B0 /* Seasoning_E_CommerceUITests.swift */; };
/* End PBXBuildFile section */

/* Begin PBXContainerItemProxy section */
		B9A3843522CDAAF6007436B0 /* PBXContainerItemProxy */ = {
			isa = PBXContainerItemProxy;
			containerPortal = B9A3841822CDAAF4007436B0 /* Project object */;
			proxyType = 1;
			remoteGlobalIDString = B9A3841F22CDAAF4007436B0;
			remoteInfo = "Seasoning-E-Commerce";
		};
		B9A3844022CDAAF6007436B0 /* PBXContainerItemProxy */ = {
			isa = PBXContainerItemProxy;
			containerPortal = B9A3841822CDAAF4007436B0 /* Project object */;
			proxyType = 1;
			remoteGlobalIDString = B9A3841F22CDAAF4007436B0;
			remoteInfo = "Seasoning-E-Commerce";
		};
/* End PBXContainerItemProxy section */

/* Begin PBXFileReference section */
		B9A3842022CDAAF4007436B0 /* Seasoning-E-Commerce.app */ = {isa = PBXFileReference; explicitFileType = wrapper.application; includeInIndex = 0; path = "Seasoning-E-Commerce.app"; sourceTree = BUILT_PRODUCTS_DIR; };
		B9A3842322CDAAF4007436B0 /* AppDelegate.swift */ = {isa = PBXFileReference; lastKnownFileType = sourcecode.swift; path = AppDelegate.swift; sourceTree = "<group>"; };
		B9A3842522CDAAF4007436B0 /* ViewController.swift */ = {isa = PBXFileReference; lastKnownFileType = sourcecode.swift; path = ViewController.swift; sourceTree = "<group>"; };
		B9A3842822CDAAF4007436B0 /* Base */ = {isa = PBXFileReference; lastKnownFileType = file.storyboard; name = Base; path = Base.lproj/Main.storyboard; sourceTree = "<group>"; };
		B9A3842A22CDAAF6007436B0 /* Assets.xcassets */ = {isa = PBXFileReference; lastKnownFileType = folder.assetcatalog; path = Assets.xcassets; sourceTree = "<group>"; };
		B9A3842D22CDAAF6007436B0 /* Base */ = {isa = PBXFileReference; lastKnownFileType = file.storyboard; name = Base; path = Base.lproj/LaunchScreen.storyboard; sourceTree = "<group>"; };
		B9A3842F22CDAAF6007436B0 /* Info.plist */ = {isa = PBXFileReference; lastKnownFileType = text.plist.xml; path = Info.plist; sourceTree = "<group>"; };
		B9A3843422CDAAF6007436B0 /* Seasoning-E-CommerceTests.xctest */ = {isa = PBXFileReference; explicitFileType = wrapper.cfbundle; includeInIndex = 0; path = "Seasoning-E-CommerceTests.xctest"; sourceTree = BUILT_PRODUCTS_DIR; };
		B9A3843822CDAAF6007436B0 /* Seasoning_E_CommerceTests.swift */ = {isa = PBXFileReference; lastKnownFileType = sourcecode.swift; path = Seasoning_E_CommerceTests.swift; sourceTree = "<group>"; };
		B9A3843A22CDAAF6007436B0 /* Info.plist */ = {isa = PBXFileReference; lastKnownFileType = text.plist.xml; path = Info.plist; sourceTree = "<group>"; };
		B9A3843F22CDAAF6007436B0 /* Seasoning-E-CommerceUITests.xctest */ = {isa = PBXFileReference; explicitFileType = wrapper.cfbundle; includeInIndex = 0; path = "Seasoning-E-CommerceUITests.xctest"; sourceTree = BUILT_PRODUCTS_DIR; };
		B9A3844322CDAAF6007436B0 /* Seasoning_E_CommerceUITests.swift */ = {isa = PBXFileReference; lastKnownFileType = sourcecode.swift; path = Seasoning_E_CommerceUITests.swift; sourceTree = "<group>"; };
		B9A3844522CDAAF6007436B0 /* Info.plist */ = {isa = PBXFileReference; lastKnownFileType = text.plist.xml; path = Info.plist; sourceTree = "<group>"; };
		FR_022DF5024E43989559569772FED4932C /* Seasoning-E-CommerceUITests.xcconfig */ = {isa = PBXFileReference; explicitFileType = text.xcconfig; lastKnownFileType = text.xcconfig; name = "Seasoning-E-CommerceUITests.xcconfig"; path = "configs/Seasoning-E-CommerceUITests.xcconfig"; sourceTree = "<absolute>"; };
		FR_093FC609340B2C3250CC400B6296F6E1 /* Debug.xcconfig */ = {isa = PBXFileReference; explicitFileType = text.xcconfig; lastKnownFileType = text.xcconfig; name = Debug.xcconfig; path = configs/Debug.xcconfig; sourceTree = "<absolute>"; };
		FR_1304E513E830414A8958582ACA3C92F3 /* Seasoning-E-CommerceUITests-Debug.xcconfig */ = {isa = PBXFileReference; explicitFileType = text.xcconfig; lastKnownFileType = text.xcconfig; name = "Seasoning-E-CommerceUITests-Debug.xcconfig"; path = "configs/Seasoning-E-CommerceUITests-Debug.xcconfig"; sourceTree = "<absolute>"; };
		FR_2FBBC909F6AF11FBC8449B369F7F2F86 /* Base.xcconfig */ = {isa = PBXFileReference; explicitFileType = text.xcconfig; lastKnownFileType = text.xcconfig; name = Base.xcconfig; path = configs/Base.xcconfig; sourceTree = "<absolute>"; };
		FR_46999E4BFA92B81C5E391800B0FDB806 /* Seasoning-E-CommerceUITests-Release.xcconfig */ = {isa = PBXFileReference; explicitFileType = text.xcconfig; lastKnownFileType = text.xcconfig; name = "Seasoning-E-CommerceUITests-Release.xcconfig"; path = "configs/Seasoning-E-CommerceUITests-Release.xcconfig"; sourceTree = "<absolute>"; };
		FR_60E39313F811A0245A734A96DDCF6C66 /* Seasoning-E-CommerceTests-Debug.xcconfig */ = {isa = PBXFileReference; explicitFileType = text.xcconfig; lastKnownFileType = text.xcconfig; name = "Seasoning-E-CommerceTests-Debug.xcconfig"; path = "configs/Seasoning-E-CommerceTests-Debug.xcconfig"; sourceTree = "<absolute>"; };
		FR_7FE30B00D477263684F705AA747837B8 /* Seasoning-E-CommerceTests-Release.xcconfig */ = {isa = PBXFileReference; explicitFileType = text.xcconfig; lastKnownFileType = text.xcconfig; name = "Seasoning-E-CommerceTests-Release.xcconfig"; path = "configs/Seasoning-E-CommerceTests-Release.xcconfig"; sourceTree = "<absolute>"; };
		FR_83AA29085F673B8C9CD60266B07304C1 /* Seasoning-E-Commerce-Release.xcconfig */ = {isa = PBXFileReference; explicitFileType = text.xcconfig; lastKnownFileType = text.xcconfig; name = "Seasoning-E-Commerce-Release.xcconfig"; path = "configs/Seasoning-E-Commerce-Release.xcconfig"; sourceTree = "<absolute>"; };
		FR_BA88B4365B223FCFABF7822511FEB790 /* Seasoning-E-Commerce-Debug.xcconfig */ = {isa = PBXFileReference; explicitFileType = text.xcconfig; lastKnownFileType = text.xcconfig; name = "Seasoning-E-Commerce-Debug.xcconfig"; path = "configs/Seasoning-E-Commerce-Debug.xcconfig"; sourceTree = "<absolute>"; };
		FR_E8C013CAA4D597FB91DDC52328ED3941 /* Release.xcconfig */ = {isa = PBXFileReference; explicitFileType = text.xcconfig; lastKnownFileType = text.xcconfig; name = Release.xcconfig; path = configs/Release.xcconfig; sourceTree = "<absolute>"; };
		FR_EA62E76A7328A5391E89DA0DFB747434 /* Seasoning-E-Commerce.xcconfig */ = {isa = PBXFileReference; explicitFileType = text.xcconfig; lastKnownFileType = text.xcconfig; name = "Seasoning-E-Commerce.xcconfig"; path = "configs/Seasoning-E-Commerce.xcconfig"; sourceTree = "<absolute>"; };
		FR_FC096068A6D103364C3AE353C0E770AC /* Seasoning-E-CommerceTests.xcconfig */ = {isa = PBXFileReference; explicitFileType = text.xcconfig; lastKnownFileType = text.xcconfig; name = "Seasoning-E-CommerceTests.xcconfig"; path = "configs/Seasoning-E-CommerceTests.xcconfig"; sourceTree = "<absolute>"; };
/* End PBXFileReference section */

/* Begin PBXFrameworksBuildPhase section */
		B9A3841D22CDAAF4007436B0 /* Frameworks */ = {
			isa = PBXFrameworksBuildPhase;
			buildActionMask = 2147483647;
			files = (
			);
			runOnlyForDeploymentPostprocessing = 0;
		};
		B9A3843122CDAAF6007436B0 /* Frameworks */ = {
			isa = PBXFrameworksBuildPhase;
			buildActionMask = 2147483647;
			files = (
			);
			runOnlyForDeploymentPostprocessing = 0;
		};
		B9A3843C22CDAAF6007436B0 /* Frameworks */ = {
			isa = PBXFrameworksBuildPhase;
			buildActionMask = 2147483647;
			files = (
			);
			runOnlyForDeploymentPostprocessing = 0;
		};
/* End PBXFrameworksBuildPhase section */

/* Begin PBXGroup section */
		B9A3841722CDAAF4007436B0 = {
			isa = PBXGroup;
			children = (
				B9A3842222CDAAF4007436B0 /* Seasoning-E-Commerce */,
				B9A3843722CDAAF6007436B0 /* Seasoning-E-CommerceTests */,
				B9A3844222CDAAF6007436B0 /* Seasoning-E-CommerceUITests */,
				B9A3842122CDAAF4007436B0 /* Products */,
				G_3BB02E4158F7D915033CC087B61B3296 /* configs */,
			);
			sourceTree = "<group>";
		};
		B9A3842122CDAAF4007436B0 /* Products */ = {
			isa = PBXGroup;
			children = (
				B9A3842022CDAAF4007436B0 /* Seasoning-E-Commerce.app */,
				B9A3843422CDAAF6007436B0 /* Seasoning-E-CommerceTests.xctest */,
				B9A3843F22CDAAF6007436B0 /* Seasoning-E-CommerceUITests.xctest */,
			);
			name = Products;
			sourceTree = "<group>";
		};
		B9A3842222CDAAF4007436B0 /* Seasoning-E-Commerce */ = {
			isa = PBXGroup;
			children = (
				B9A3842322CDAAF4007436B0 /* AppDelegate.swift */,
				B9A3842522CDAAF4007436B0 /* ViewController.swift */,
				B9A3842722CDAAF4007436B0 /* Main.storyboard */,
				B9A3842A22CDAAF6007436B0 /* Assets.xcassets */,
				B9A3842C22CDAAF6007436B0 /* LaunchScreen.storyboard */,
				B9A3842F22CDAAF6007436B0 /* Info.plist */,
			);
			path = "Seasoning-E-Commerce";
			sourceTree = "<group>";
		};
		B9A3843722CDAAF6007436B0 /* Seasoning-E-CommerceTests */ = {
			isa = PBXGroup;
			children = (
				B9A3843822CDAAF6007436B0 /* Seasoning_E_CommerceTests.swift */,
				B9A3843A22CDAAF6007436B0 /* Info.plist */,
			);
			path = "Seasoning-E-CommerceTests";
			sourceTree = "<group>";
		};
		B9A3844222CDAAF6007436B0 /* Seasoning-E-CommerceUITests */ = {
			isa = PBXGroup;
			children = (
				B9A3844322CDAAF6007436B0 /* Seasoning_E_CommerceUITests.swift */,
				B9A3844522CDAAF6007436B0 /* Info.plist */,
			);
			path = "Seasoning-E-CommerceUITests";
			sourceTree = "<group>";
		};
		G_3BB02E4158F7D915033CC087B61B3296 /* configs */ = {
			isa = PBXGroup;
			children = (
				FR_7FE30B00D477263684F705AA747837B8 /* Seasoning-E-CommerceTests-Release.xcconfig */,
				FR_022DF5024E43989559569772FED4932C /* Seasoning-E-CommerceUITests.xcconfig */,
				FR_83AA29085F673B8C9CD60266B07304C1 /* Seasoning-E-Commerce-Release.xcconfig */,
				FR_093FC609340B2C3250CC400B6296F6E1 /* Debug.xcconfig */,
				FR_E8C013CAA4D597FB91DDC52328ED3941 /* Release.xcconfig */,
				FR_FC096068A6D103364C3AE353C0E770AC /* Seasoning-E-CommerceTests.xcconfig */,
				FR_EA62E76A7328A5391E89DA0DFB747434 /* Seasoning-E-Commerce.xcconfig */,
				FR_60E39313F811A0245A734A96DDCF6C66 /* Seasoning-E-CommerceTests-Debug.xcconfig */,
				FR_1304E513E830414A8958582ACA3C92F3 /* Seasoning-E-CommerceUITests-Debug.xcconfig */,
				FR_46999E4BFA92B81C5E391800B0FDB806 /* Seasoning-E-CommerceUITests-Release.xcconfig */,
				FR_BA88B4365B223FCFABF7822511FEB790 /* Seasoning-E-Commerce-Debug.xcconfig */,
				FR_2FBBC909F6AF11FBC8449B369F7F2F86 /* Base.xcconfig */,
			);
			name = configs;
			sourceTree = "<group>";
		};
/* End PBXGroup section */

/* Begin PBXNativeTarget section */
		B9A3841F22CDAAF4007436B0 /* Seasoning-E-Commerce */ = {
			isa = PBXNativeTarget;
			buildConfigurationList = B9A3844822CDAAF6007436B0 /* Build configuration list for PBXNativeTarget "Seasoning-E-Commerce" */;
			buildPhases = (
				B9A3841C22CDAAF4007436B0 /* Sources */,
				B9A3841D22CDAAF4007436B0 /* Frameworks */,
				B9A3841E22CDAAF4007436B0 /* Resources */,
			);
			buildRules = (
			);
			dependencies = (
			);
			name = "Seasoning-E-Commerce";
			productName = "Seasoning-E-Commerce";
			productReference = B9A3842022CDAAF4007436B0 /* Seasoning-E-Commerce.app */;
			productType = "com.apple.product-type.application";
		};
		B9A3843322CDAAF6007436B0 /* Seasoning-E-CommerceTests */ = {
			isa = PBXNativeTarget;
			buildConfigurationList = B9A3844B22CDAAF6007436B0 /* Build configuration list for PBXNativeTarget "Seasoning-E-CommerceTests" */;
			buildPhases = (
				B9A3843022CDAAF6007436B0 /* Sources */,
				B9A3843122CDAAF6007436B0 /* Frameworks */,
				B9A3843222CDAAF6007436B0 /* Resources */,
			);
			buildRules = (
			);
			dependencies = (
				B9A3843622CDAAF6007436B0 /* PBXTargetDependency */,
			);
			name = "Seasoning-E-CommerceTests";
			productName = "Seasoning-E-CommerceTests";
			productReference = B9A3843422CDAAF6007436B0 /* Seasoning-E-CommerceTests.xctest */;
			productType = "com.apple.product-type.bundle.unit-test";
		};
		B9A3843E22CDAAF6007436B0 /* Seasoning-E-CommerceUITests */ = {
			isa = PBXNativeTarget;
			buildConfigurationList = B9A3844E22CDAAF6007436B0 /* Build configuration list for PBXNativeTarget "Seasoning-E-CommerceUITests" */;
			buildPhases = (
				B9A3843B22CDAAF6007436B0 /* Sources */,
				B9A3843C22CDAAF6007436B0 /* Frameworks */,
				B9A3843D22CDAAF6007436B0 /* Resources */,
			);
			buildRules = (
			);
			dependencies = (
				B9A3844122CDAAF6007436B0 /* PBXTargetDependency */,
			);
			name = "Seasoning-E-CommerceUITests";
			productName = "Seasoning-E-CommerceUITests";
			productReference = B9A3843F22CDAAF6007436B0 /* Seasoning-E-CommerceUITests.xctest */;
			productType = "com.apple.product-type.bundle.ui-testing";
		};
/* End PBXNativeTarget section */

/* Begin PBXProject section */
		B9A3841822CDAAF4007436B0 /* Project object */ = {
			isa = PBXProject;
			attributes = {
				LastSwiftUpdateCheck = 1020;
				LastUpgradeCheck = 1020;
				ORGANIZATIONNAME = g4zeru;
				TargetAttributes = {
					B9A3841F22CDAAF4007436B0 = {
						CreatedOnToolsVersion = 10.2.1;
					};
					B9A3843322CDAAF6007436B0 = {
						CreatedOnToolsVersion = 10.2.1;
						TestTargetID = B9A3841F22CDAAF4007436B0;
					};
					B9A3843E22CDAAF6007436B0 = {
						CreatedOnToolsVersion = 10.2.1;
						TestTargetID = B9A3841F22CDAAF4007436B0;
					};
				};
			};
			buildConfigurationList = B9A3841B22CDAAF4007436B0 /* Build configuration list for PBXProject "Seasoning-E-Commerce" */;
			compatibilityVersion = "Xcode 9.3";
			developmentRegion = en;
			hasScannedForEncodings = 0;
			knownRegions = (
				en,
				Base,
			);
			mainGroup = B9A3841722CDAAF4007436B0;
			productRefGroup = B9A3842122CDAAF4007436B0 /* Products */;
			projectDirPath = "";
			projectRoot = "";
			targets = (
				B9A3841F22CDAAF4007436B0 /* Seasoning-E-Commerce */,
				B9A3843322CDAAF6007436B0 /* Seasoning-E-CommerceTests */,
				B9A3843E22CDAAF6007436B0 /* Seasoning-E-CommerceUITests */,
			);
		};
/* End PBXProject section */

/* Begin PBXResourcesBuildPhase section */
		B9A3841E22CDAAF4007436B0 /* Resources */ = {
			isa = PBXResourcesBuildPhase;
			buildActionMask = 2147483647;
			files = (
				B9A3842E22CDAAF6007436B0 /* LaunchScreen.storyboard in Resources */,
				B9A3842B22CDAAF6007436B0 /* Assets.xcassets in Resources */,
				B9A3842922CDAAF4007436B0 /* Main.storyboard in Resources */,
			);
			runOnlyForDeploymentPostprocessing = 0;
		};
		B9A3843222CDAAF6007436B0 /* Resources */ = {
			isa = PBXResourcesBuildPhase;
			buildActionMask = 2147483647;
			files = (
			);
			runOnlyForDeploymentPostprocessing = 0;
		};
		B9A3843D22CDAAF6007436B0 /* Resources */ = {
			isa = PBXResourcesBuildPhase;
			buildActionMask = 2147483647;
			files = (
			);
			runOnlyForDeploymentPostprocessing = 0;
		};
/* End PBXResourcesBuildPhase section */

/* Begin PBXSourcesBuildPhase section */
		B9A3841C22CDAAF4007436B0 /* Sources */ = {
			isa = PBXSourcesBuildPhase;
			buildActionMask = 2147483647;
			files = (
				B9A3842622CDAAF4007436B0 /* ViewController.swift in Sources */,
				B9A3842422CDAAF4007436B0 /* AppDelegate.swift in Sources */,
			);
			runOnlyForDeploymentPostprocessing = 0;
		};
		B9A3843022CDAAF6007436B0 /* Sources */ = {
			isa = PBXSourcesBuildPhase;
			buildActionMask = 2147483647;
			files = (
				B9A3843922CDAAF6007436B0 /* Seasoning_E_CommerceTests.swift in Sources */,
			);
			runOnlyForDeploymentPostprocessing = 0;
		};
		B9A3843B22CDAAF6007436B0 /* Sources */ = {
			isa = PBXSourcesBuildPhase;
			buildActionMask = 2147483647;
			files = (
				B9A3844422CDAAF6007436B0 /* Seasoning_E_CommerceUITests.swift in Sources */,
			);
			runOnlyForDeploymentPostprocessing = 0;
		};
/* End PBXSourcesBuildPhase section */

/* Begin PBXTargetDependency section */
		B9A3843622CDAAF6007436B0 /* PBXTargetDependency */ = {
			isa = PBXTargetDependency;
			target = B9A3841F22CDAAF4007436B0 /* Seasoning-E-Commerce */;
			targetProxy = B9A3843522CDAAF6007436B0 /* PBXContainerItemProxy */;
		};
		B9A3844122CDAAF6007436B0 /* PBXTargetDependency */ = {
			isa = PBXTargetDependency;
			target = B9A3841F22CDAAF4007436B0 /* Seasoning-E-Commerce */;
			targetProxy = B9A3844022CDAAF6007436B0 /* PBXContainerItemProxy */;
		};
/* End PBXTargetDependency section */

/* Begin PBXVariantGroup section */
		B9A3842722CDAAF4007436B0 /* Main.storyboard */ = {
			isa = PBXVariantGroup;
			children = (
				B9A3842822CDAAF4007436B0 /* Base */,
			);
			name = Main.storyboard;
			sourceTree = "<group>";
		};
		B9A3842C22CDAAF6007436B0 /* LaunchScreen.storyboard */ = {
			isa = PBXVariantGroup;
			children = (
				B9A3842D22CDAAF6007436B0 /* Base */,
			);
			name = LaunchScreen.storyboard;
			sourceTree = "<group>";
		};
/* End PBXVariantGroup section */

/* Begin XCBuildConfiguration section */
		B9A3844622CDAAF6007436B0 /* Debug */ = {
			isa = XCBuildConfiguration;
			baseConfigurationReference = FR_093FC609340B2C3250CC400B6296F6E1 /* Debug.xcconfig */;
			buildSettings = {
			};
			name = Debug;
		};
		B9A3844722CDAAF6007436B0 /* Release */ = {
			isa = XCBuildConfiguration;
			baseConfigurationReference = FR_E8C013CAA4D597FB91DDC52328ED3941 /* Release.xcconfig */;
			buildSettings = {
			};
			name = Release;
		};
		B9A3844922CDAAF6007436B0 /* Debug */ = {
			isa = XCBuildConfiguration;
			baseConfigurationReference = FR_BA88B4365B223FCFABF7822511FEB790 /* Seasoning-E-Commerce-Debug.xcconfig */;
			buildSettings = {
			};
			name = Debug;
		};
		B9A3844A22CDAAF6007436B0 /* Release */ = {
			isa = XCBuildConfiguration;
			baseConfigurationReference = FR_83AA29085F673B8C9CD60266B07304C1 /* Seasoning-E-Commerce-Release.xcconfig */;
			buildSettings = {
			};
			name = Release;
		};
		B9A3844C22CDAAF6007436B0 /* Debug */ = {
			isa = XCBuildConfiguration;
			baseConfigurationReference = FR_60E39313F811A0245A734A96DDCF6C66 /* Seasoning-E-CommerceTests-Debug.xcconfig */;
			buildSettings = {
			};
			name = Debug;
		};
		B9A3844D22CDAAF6007436B0 /* Release */ = {
			isa = XCBuildConfiguration;
			baseConfigurationReference = FR_7FE30B00D477263684F705AA747837B8 /* Seasoning-E-CommerceTests-Release.xcconfig */;
			buildSettings = {
			};
			name = Release;
		};
		B9A3844F22CDAAF6007436B0 /* Debug */ = {
			isa = XCBuildConfiguration;
			baseConfigurationReference = FR_1304E513E830414A8958582ACA3C92F3 /* Seasoning-E-CommerceUITests-Debug.xcconfig */;
			buildSettings = {
			};
			name = Debug;
		};
		B9A3845022CDAAF6007436B0 /* Release */ = {
			isa = XCBuildConfiguration;
			baseConfigurationReference = FR_46999E4BFA92B81C5E391800B0FDB806 /* Seasoning-E-CommerceUITests-Release.xcconfig */;
			buildSettings = {
			};
			name = Release;
		};
/* End XCBuildConfiguration section */

/* Begin XCConfigurationList section */
		B9A3841B22CDAAF4007436B0 /* Build configuration list for PBXProject "Seasoning-E-Commerce" */ = {
			isa = XCConfigurationList;
			buildConfigurations = (
				B9A3844622CDAAF6007436B0 /* Debug */,
				B9A3844722CDAAF6007436B0 /* Release */,
			);
			defaultConfigurationIsVisible = 0;
			defaultConfigurationName = Release;
		};
		B9A3844822CDAAF6007436B0 /* Build configuration list for PBXNativeTarget "Seasoning-E-Commerce" */ = {
			isa = XCConfigurationList;
			buildConfigurations = (
				B9A3844922CDAAF6007436B0 /* Debug */,
				B9A3844A22CDAAF6007436B0 /* Release */,
			);
			defaultConfigurationIsVisible = 0;
			defaultConfigurationName = Release;
		};
		B9A3844B22CDAAF6007436B0 /* Build configuration list for PBXNativeTarget "Seasoning-E-CommerceTests" */ = {
			isa = XCConfigurationList;
			buildConfigurations = (
				B9A3844C22CDAAF6007436B0 /* Debug */,
				B9A3844D22CDAAF6007436B0 /* Release */,
			);
			defaultConfigurationIsVisible = 0;
			defaultConfigurationName = Release;
		};
		B9A3844E22CDAAF6007436B0 /* Build configuration list for PBXNativeTarget "Seasoning-E-CommerceUITests" */ = {
			isa = XCConfigurationList;
			buildConfigurations = (
				B9A3844F22CDAAF6007436B0 /* Debug */,
				B9A3845022CDAAF6007436B0 /* Release */,
			);
			defaultConfigurationIsVisible = 0;
			defaultConfigurationName = Release;
		};
/* End XCConfigurationList section */
	};
	rootObject = B9A3841822CDAAF4007436B0 /* Project object */;
}
